<?xml version="1.0" encoding="utf-8"?>
<Project ToolsVersion="15.0" xmlns="http://schemas.microsoft.com/developer/msbuild/2003">
  <ItemGroup>
    <ClCompile Include="C:\Users\joram\Documents\Visual Studio 2017\Projects\INFOMGP-Practical1\ccd.c">
      <Filter>Source Files</Filter>
    </ClCompile>
    <ClCompile Include="C:\Users\joram\Documents\Visual Studio 2017\Projects\INFOMGP-Practical1\main.cpp">
      <Filter>Source Files</Filter>
    </ClCompile>
    <ClCompile Include="C:\Users\joram\Documents\Visual Studio 2017\Projects\INFOMGP-Practical1\mpr.c">
      <Filter>Source Files</Filter>
    </ClCompile>
    <ClCompile Include="C:\Users\joram\Documents\Visual Studio 2017\Projects\INFOMGP-Practical1\polytope.c">
      <Filter>Source Files</Filter>
    </ClCompile>
    <ClCompile Include="C:\Users\joram\Documents\Visual Studio 2017\Projects\INFOMGP-Practical1\support.c">
      <Filter>Source Files</Filter>
    </ClCompile>
    <ClCompile Include="C:\Users\joram\Documents\Visual Studio 2017\Projects\INFOMGP-Practical1\vec3.c">
      <Filter>Source Files</Filter>
    </ClCompile>
  </ItemGroup>
  <ItemGroup>
    <ClInclude Include="C:\Users\joram\Documents\Visual Studio 2017\Projects\INFOMGP-Practical1\alloc.h">
      <Filter>Header Files</Filter>
    </ClInclude>
    <ClInclude Include="C:\Users\joram\Documents\Visual Studio 2017\Projects\INFOMGP-Practical1\auxfunctions.h">
      <Filter>Header Files</Filter>
    </ClInclude>
    <ClInclude Include="C:\Users\joram\Documents\Visual Studio 2017\Projects\INFOMGP-Practical1\ccd.h">
      <Filter>Header Files</Filter>
    </ClInclude>
    <ClInclude Include="C:\Users\joram\Documents\Visual Studio 2017\Projects\INFOMGP-Practical1\compiler.h">
      <Filter>Header Files</Filter>
    </ClInclude>
    <ClInclude Include="C:\Users\joram\Documents\Visual Studio 2017\Projects\INFOMGP-Practical1\dbg.h">
      <Filter>Header Files</Filter>
    </ClInclude>
    <ClInclude Include="C:\Users\joram\Documents\Visual Studio 2017\Projects\INFOMGP-Practical1\list.h">
      <Filter>Header Files</Filter>
    </ClInclude>
    <ClInclude Include="C:\Users\joram\Documents\Visual Studio 2017\Projects\INFOMGP-Practical1\polytope.h">
      <Filter>Header Files</Filter>
    </ClInclude>
    <ClInclude Include="C:\Users\joram\Documents\Visual Studio 2017\Projects\INFOMGP-Practical1\quat.h">
      <Filter>Header Files</Filter>
    </ClInclude>
    <ClInclude Include="C:\Users\joram\Documents\Visual Studio 2017\Projects\INFOMGP-Practical1\scene.h">
      <Filter>Header Files</Filter>
    </ClInclude>
    <ClInclude Include="C:\Users\joram\Documents\Visual Studio 2017\Projects\INFOMGP-Practical1\simplex.h">
      <Filter>Header Files</Filter>
    </ClInclude>
    <ClInclude Include="C:\Users\joram\Documents\Visual Studio 2017\Projects\INFOMGP-Practical1\support.h">
      <Filter>Header Files</Filter>
    </ClInclude>
    <ClInclude Include="C:\Users\joram\Documents\Visual Studio 2017\Projects\INFOMGP-Practical1\vec3.h">
      <Filter>Header Files</Filter>
    </ClInclude>
    <ClInclude Include="C:\Users\joram\Documents\Visual Studio 2017\Projects\INFOMGP-Practical1\volInt.h">
      <Filter>Header Files</Filter>
    </ClInclude>
  </ItemGroup>
  <ItemGroup>
    <CustomBuild Include="C:\Users\joram\Documents\Visual Studio 2017\Projects\INFOMGP-Practical1\CMakeLists.txt" />
  </ItemGroup>
  <ItemGroup>
    <Filter Include="Header Files">
      <UniqueIdentifier>{1917CEEE-AE3D-3890-89A2-CAE45E39F33A}</UniqueIdentifier>
    </Filter>
    <Filter Include="Source Files">
      <UniqueIdentifier>{3ACC8A5E-45C9-32BC-8D63-A18841B5EA8E}</UniqueIdentifier>
    </Filter>
  </ItemGroup>
</Project>
