Microsoft Visual Studio Solution File, Format Version 12.00
# Visual Studio 15
Project("{2150E333-8FDC-42A3-9474-1A3956D46DE8}") = "CMakePredefinedTargets", "CMakePredefinedTargets", "{934A513A-32C5-387E-9F5B-23271905116A}"
EndProject
Project("{2150E333-8FDC-42A3-9474-1A3956D46DE8}") = "GLFW3", "GLFW3", "{A5AB9C29-9E94-3792-A799-69E5BD56D6CD}"
EndProject
Project("{8BC9CEB8-8B4A-11D0-8D11-00A0C91BC942}") = "ALL_BUILD", "ALL_BUILD.vcxproj", "{73D6B48B-D6E3-3E66-A5F2-CDE7CB628A23}"
	ProjectSection(ProjectDependencies) = postProject
		{39A23624-573D-31C3-82AF-1CD7600A6922} = {39A23624-573D-31C3-82AF-1CD7600A6922}
		{3AE7101E-C176-3D85-973D-AE6AF5156057} = {3AE7101E-C176-3D85-973D-AE6AF5156057}
	EndProjectSection
EndProject
Project("{8BC9CEB8-8B4A-11D0-8D11-00A0C91BC942}") = "INSTALL", "INSTALL.vcxproj", "{5818022B-B3AB-3EBA-90B2-DAE116B4CD00}"
	ProjectSection(ProjectDependencies) = postProject
		{73D6B48B-D6E3-3E66-A5F2-CDE7CB628A23} = {73D6B48B-D6E3-3E66-A5F2-CDE7CB628A23}
		{39A23624-573D-31C3-82AF-1CD7600A6922} = {39A23624-573D-31C3-82AF-1CD7600A6922}
	EndProjectSection
EndProject
Project("{8BC9CEB8-8B4A-11D0-8D11-00A0C91BC942}") = "ZERO_CHECK", "..\\ZERO_CHECK.vcxproj", "{39A23624-573D-31C3-82AF-1CD7600A6922}"
	ProjectSection(ProjectDependencies) = postProject
	EndProjectSection
EndProject
Project("{8BC9CEB8-8B4A-11D0-8D11-00A0C91BC942}") = "glfw", "src\glfw.vcxproj", "{3AE7101E-C176-3D85-973D-AE6AF5156057}"
	ProjectSection(ProjectDependencies) = postProject
		{39A23624-573D-31C3-82AF-1CD7600A6922} = {39A23624-573D-31C3-82AF-1CD7600A6922}
	EndProjectSection
EndProject
Global
	GlobalSection(SolutionConfigurationPlatforms) = preSolution
		Debug|x64 = Debug|x64
		Release|x64 = Release|x64
		MinSizeRel|x64 = MinSizeRel|x64
		RelWithDebInfo|x64 = RelWithDebInfo|x64
	EndGlobalSection
	GlobalSection(ProjectConfigurationPlatforms) = postSolution
		{73D6B48B-D6E3-3E66-A5F2-CDE7CB628A23}.Debug|x64.ActiveCfg = Debug|x64
		{73D6B48B-D6E3-3E66-A5F2-CDE7CB628A23}.Debug|x64.Build.0 = Debug|x64
		{73D6B48B-D6E3-3E66-A5F2-CDE7CB628A23}.Release|x64.ActiveCfg = Release|x64
		{73D6B48B-D6E3-3E66-A5F2-CDE7CB628A23}.Release|x64.Build.0 = Release|x64
		{73D6B48B-D6E3-3E66-A5F2-CDE7CB628A23}.MinSizeRel|x64.ActiveCfg = MinSizeRel|x64
		{73D6B48B-D6E3-3E66-A5F2-CDE7CB628A23}.MinSizeRel|x64.Build.0 = MinSizeRel|x64
		{73D6B48B-D6E3-3E66-A5F2-CDE7CB628A23}.RelWithDebInfo|x64.ActiveCfg = RelWithDebInfo|x64
		{73D6B48B-D6E3-3E66-A5F2-CDE7CB628A23}.RelWithDebInfo|x64.Build.0 = RelWithDebInfo|x64
		{5818022B-B3AB-3EBA-90B2-DAE116B4CD00}.Debug|x64.ActiveCfg = Debug|x64
		{5818022B-B3AB-3EBA-90B2-DAE116B4CD00}.Release|x64.ActiveCfg = Release|x64
		{5818022B-B3AB-3EBA-90B2-DAE116B4CD00}.MinSizeRel|x64.ActiveCfg = MinSizeRel|x64
		{5818022B-B3AB-3EBA-90B2-DAE116B4CD00}.RelWithDebInfo|x64.ActiveCfg = RelWithDebInfo|x64
		{39A23624-573D-31C3-82AF-1CD7600A6922}.Debug|x64.ActiveCfg = Debug|x64
		{39A23624-573D-31C3-82AF-1CD7600A6922}.Debug|x64.Build.0 = Debug|x64
		{39A23624-573D-31C3-82AF-1CD7600A6922}.Release|x64.ActiveCfg = Release|x64
		{39A23624-573D-31C3-82AF-1CD7600A6922}.Release|x64.Build.0 = Release|x64
		{39A23624-573D-31C3-82AF-1CD7600A6922}.MinSizeRel|x64.ActiveCfg = MinSizeRel|x64
		{39A23624-573D-31C3-82AF-1CD7600A6922}.MinSizeRel|x64.Build.0 = MinSizeRel|x64
		{39A23624-573D-31C3-82AF-1CD7600A6922}.RelWithDebInfo|x64.ActiveCfg = RelWithDebInfo|x64
		{39A23624-573D-31C3-82AF-1CD7600A6922}.RelWithDebInfo|x64.Build.0 = RelWithDebInfo|x64
		{3AE7101E-C176-3D85-973D-AE6AF5156057}.Debug|x64.ActiveCfg = Debug|x64
		{3AE7101E-C176-3D85-973D-AE6AF5156057}.Debug|x64.Build.0 = Debug|x64
		{3AE7101E-C176-3D85-973D-AE6AF5156057}.Release|x64.ActiveCfg = Release|x64
		{3AE7101E-C176-3D85-973D-AE6AF5156057}.Release|x64.Build.0 = Release|x64
		{3AE7101E-C176-3D85-973D-AE6AF5156057}.MinSizeRel|x64.ActiveCfg = MinSizeRel|x64
		{3AE7101E-C176-3D85-973D-AE6AF5156057}.MinSizeRel|x64.Build.0 = MinSizeRel|x64
		{3AE7101E-C176-3D85-973D-AE6AF5156057}.RelWithDebInfo|x64.ActiveCfg = RelWithDebInfo|x64
		{3AE7101E-C176-3D85-973D-AE6AF5156057}.RelWithDebInfo|x64.Build.0 = RelWithDebInfo|x64
	EndGlobalSection
	GlobalSection(NestedProjects) = preSolution
		{73D6B48B-D6E3-3E66-A5F2-CDE7CB628A23} = {934A513A-32C5-387E-9F5B-23271905116A}
		{5818022B-B3AB-3EBA-90B2-DAE116B4CD00} = {934A513A-32C5-387E-9F5B-23271905116A}
		{39A23624-573D-31C3-82AF-1CD7600A6922} = {934A513A-32C5-387E-9F5B-23271905116A}
		{3AE7101E-C176-3D85-973D-AE6AF5156057} = {A5AB9C29-9E94-3792-A799-69E5BD56D6CD}
	EndGlobalSection
	GlobalSection(ExtensibilityGlobals) = postSolution
		SolutionGuid = {A3642268-C0BB-31A3-A53C-776BE1A5059E}
	EndGlobalSection
	GlobalSection(ExtensibilityAddIns) = postSolution
	EndGlobalSection
EndGlobal
